// !$*UTF8*$!
{
	archiveVersion = 1;
	classes = {
	};
	objectVersion = 56;
	objects = {

/* Begin PBXBuildFile section */
		49D9E0E329D106D100E58971 /* AppDelegate.swift in Sources */ = {isa = PBXBuildFile; fileRef = 49D9E0E229D106D100E58971 /* AppDelegate.swift */; };
		49D9E0E529D106D100E58971 /* SceneDelegate.swift in Sources */ = {isa = PBXBuildFile; fileRef = 49D9E0E429D106D100E58971 /* SceneDelegate.swift */; };
		49D9E0E729D106D100E58971 /* ViewController.swift in Sources */ = {isa = PBXBuildFile; fileRef = 49D9E0E629D106D100E58971 /* ViewController.swift */; };
		49D9E0EC29D106D300E58971 /* Assets.xcassets in Resources */ = {isa = PBXBuildFile; fileRef = 49D9E0EB29D106D300E58971 /* Assets.xcassets */; };
		49D9E0EF29D106D300E58971 /* LaunchScreen.storyboard in Resources */ = {isa = PBXBuildFile; fileRef = 49D9E0ED29D106D300E58971 /* LaunchScreen.storyboard */; };
		49D9E0F729D1074400E58971 /* User.swift in Sources */ = {isa = PBXBuildFile; fileRef = 49D9E0F629D1074400E58971 /* User.swift */; };
		49D9E0F929D1081600E58971 /* ViewModel.swift in Sources */ = {isa = PBXBuildFile; fileRef = 49D9E0F829D1081600E58971 /* ViewModel.swift */; };
		49D9E0FC29D10A2D00E58971 /* Alamofire in Frameworks */ = {isa = PBXBuildFile; productRef = 49D9E0FB29D10A2D00E58971 /* Alamofire */; };
		49D9E0FF29D10A3B00E58971 /* SnapKit in Frameworks */ = {isa = PBXBuildFile; productRef = 49D9E0FE29D10A3B00E58971 /* SnapKit */; };
		49D9E10629D10ACA00E58971 /* Service.swift in Sources */ = {isa = PBXBuildFile; fileRef = 49D9E10529D10ACA00E58971 /* Service.swift */; };
		49D9E10829D10E4800E58971 /* Users.swift in Sources */ = {isa = PBXBuildFile; fileRef = 49D9E10729D10E4800E58971 /* Users.swift */; };
/* End PBXBuildFile section */

/* Begin PBXFileReference section */
		49D9E0DF29D106D100E58971 /* RepositoryPatternSample.app */ = {isa = PBXFileReference; explicitFileType = wrapper.application; includeInIndex = 0; path = RepositoryPatternSample.app; sourceTree = BUILT_PRODUCTS_DIR; };
		49D9E0E229D106D100E58971 /* AppDelegate.swift */ = {isa = PBXFileReference; lastKnownFileType = sourcecode.swift; path = AppDelegate.swift; sourceTree = "<group>"; };
		49D9E0E429D106D100E58971 /* SceneDelegate.swift */ = {isa = PBXFileReference; lastKnownFileType = sourcecode.swift; path = SceneDelegate.swift; sourceTree = "<group>"; };
		49D9E0E629D106D100E58971 /* ViewController.swift */ = {isa = PBXFileReference; lastKnownFileType = sourcecode.swift; path = ViewController.swift; sourceTree = "<group>"; };
		49D9E0EB29D106D300E58971 /* Assets.xcassets */ = {isa = PBXFileReference; lastKnownFileType = folder.assetcatalog; path = Assets.xcassets; sourceTree = "<group>"; };
		49D9E0EE29D106D300E58971 /* Base */ = {isa = PBXFileReference; lastKnownFileType = file.storyboard; name = Base; path = Base.lproj/LaunchScreen.storyboard; sourceTree = "<group>"; };
		49D9E0F029D106D300E58971 /* Info.plist */ = {isa = PBXFileReference; lastKnownFileType = text.plist.xml; path = Info.plist; sourceTree = "<group>"; };
		49D9E0F629D1074400E58971 /* User.swift */ = {isa = PBXFileReference; lastKnownFileType = sourcecode.swift; path = User.swift; sourceTree = "<group>"; };
		49D9E0F829D1081600E58971 /* ViewModel.swift */ = {isa = PBXFileReference; lastKnownFileType = sourcecode.swift; path = ViewModel.swift; sourceTree = "<group>"; };
		49D9E10529D10ACA00E58971 /* Service.swift */ = {isa = PBXFileReference; lastKnownFileType = sourcecode.swift; path = Service.swift; sourceTree = "<group>"; };
		49D9E10729D10E4800E58971 /* Users.swift */ = {isa = PBXFileReference; lastKnownFileType = sourcecode.swift; path = Users.swift; sourceTree = "<group>"; };
/* End PBXFileReference section */

/* Begin PBXFrameworksBuildPhase section */
		49D9E0DC29D106D100E58971 /* Frameworks */ = {
			isa = PBXFrameworksBuildPhase;
			buildActionMask = 2147483647;
			files = (
				49D9E0FC29D10A2D00E58971 /* Alamofire in Frameworks */,
				49D9E0FF29D10A3B00E58971 /* SnapKit in Frameworks */,
			);
			runOnlyForDeploymentPostprocessing = 0;
		};
/* End PBXFrameworksBuildPhase section */

/* Begin PBXGroup section */
		49D9E0D629D106D100E58971 = {
			isa = PBXGroup;
			children = (
				49D9E0E129D106D100E58971 /* RepositoryPatternSample */,
				49D9E0E029D106D100E58971 /* Products */,
			);
			sourceTree = "<group>";
		};
		49D9E0E029D106D100E58971 /* Products */ = {
			isa = PBXGroup;
			children = (
				49D9E0DF29D106D100E58971 /* RepositoryPatternSample.app */,
			);
			name = Products;
			sourceTree = "<group>";
		};
		49D9E0E129D106D100E58971 /* RepositoryPatternSample */ = {
			isa = PBXGroup;
			children = (
				49D9E10029D10A4500E58971 /* Delegate */,
				49D9E10129D10A4B00E58971 /* Scene */,
				49D9E10229D10A5300E58971 /* Resource */,
				49D9E10429D10A6500E58971 /* Model */,
				49D9E10329D10A5E00E58971 /* ViewModel */,
				49D9E10529D10ACA00E58971 /* Service.swift */,
			);
			path = RepositoryPatternSample;
			sourceTree = "<group>";
		};
		49D9E10029D10A4500E58971 /* Delegate */ = {
			isa = PBXGroup;
			children = (
				49D9E0E229D106D100E58971 /* AppDelegate.swift */,
				49D9E0E429D106D100E58971 /* SceneDelegate.swift */,
			);
			path = Delegate;
			sourceTree = "<group>";
		};
		49D9E10129D10A4B00E58971 /* Scene */ = {
			isa = PBXGroup;
			children = (
				49D9E0E629D106D100E58971 /* ViewController.swift */,
			);
			path = Scene;
			sourceTree = "<group>";
		};
		49D9E10229D10A5300E58971 /* Resource */ = {
			isa = PBXGroup;
			children = (
				49D9E0EB29D106D300E58971 /* Assets.xcassets */,
				49D9E0ED29D106D300E58971 /* LaunchScreen.storyboard */,
				49D9E0F029D106D300E58971 /* Info.plist */,
			);
			path = Resource;
			sourceTree = "<group>";
		};
		49D9E10329D10A5E00E58971 /* ViewModel */ = {
			isa = PBXGroup;
			children = (
				49D9E0F829D1081600E58971 /* ViewModel.swift */,
			);
			path = ViewModel;
			sourceTree = "<group>";
		};
		49D9E10429D10A6500E58971 /* Model */ = {
			isa = PBXGroup;
			children = (
				49D9E0F629D1074400E58971 /* User.swift */,
				49D9E10729D10E4800E58971 /* Users.swift */,
			);
			path = Model;
			sourceTree = "<group>";
		};
/* End PBXGroup section */

/* Begin PBXNativeTarget section */
		49D9E0DE29D106D100E58971 /* RepositoryPatternSample */ = {
			isa = PBXNativeTarget;
			buildConfigurationList = 49D9E0F329D106D300E58971 /* Build configuration list for PBXNativeTarget "RepositoryPatternSample" */;
			buildPhases = (
				49D9E0DB29D106D100E58971 /* Sources */,
				49D9E0DC29D106D100E58971 /* Frameworks */,
				49D9E0DD29D106D100E58971 /* Resources */,
			);
			buildRules = (
			);
			dependencies = (
			);
			name = RepositoryPatternSample;
			packageProductDependencies = (
				49D9E0FB29D10A2D00E58971 /* Alamofire */,
				49D9E0FE29D10A3B00E58971 /* SnapKit */,
			);
			productName = RepositoryPatternSample;
			productReference = 49D9E0DF29D106D100E58971 /* RepositoryPatternSample.app */;
			productType = "com.apple.product-type.application";
		};
/* End PBXNativeTarget section */

/* Begin PBXProject section */
		49D9E0D729D106D100E58971 /* Project object */ = {
			isa = PBXProject;
			attributes = {
				BuildIndependentTargetsInParallel = 1;
				LastSwiftUpdateCheck = 1420;
				LastUpgradeCheck = 1420;
				TargetAttributes = {
					49D9E0DE29D106D100E58971 = {
						CreatedOnToolsVersion = 14.2;
					};
				};
			};
			buildConfigurationList = 49D9E0DA29D106D100E58971 /* Build configuration list for PBXProject "RepositoryPatternSample" */;
			compatibilityVersion = "Xcode 14.0";
			developmentRegion = en;
			hasScannedForEncodings = 0;
			knownRegions = (
				en,
				Base,
			);
			mainGroup = 49D9E0D629D106D100E58971;
			packageReferences = (
				49D9E0FA29D10A2D00E58971 /* XCRemoteSwiftPackageReference "Alamofire" */,
				49D9E0FD29D10A3B00E58971 /* XCRemoteSwiftPackageReference "SnapKit" */,
			);
			productRefGroup = 49D9E0E029D106D100E58971 /* Products */;
			projectDirPath = "";
			projectRoot = "";
			targets = (
				49D9E0DE29D106D100E58971 /* RepositoryPatternSample */,
			);
		};
/* End PBXProject section */

/* Begin PBXResourcesBuildPhase section */
		49D9E0DD29D106D100E58971 /* Resources */ = {
			isa = PBXResourcesBuildPhase;
			buildActionMask = 2147483647;
			files = (
				49D9E0EF29D106D300E58971 /* LaunchScreen.storyboard in Resources */,
				49D9E0EC29D106D300E58971 /* Assets.xcassets in Resources */,
			);
			runOnlyForDeploymentPostprocessing = 0;
		};
/* End PBXResourcesBuildPhase section */

/* Begin PBXSourcesBuildPhase section */
		49D9E0DB29D106D100E58971 /* Sources */ = {
			isa = PBXSourcesBuildPhase;
			buildActionMask = 2147483647;
			files = (
				49D9E0F929D1081600E58971 /* ViewModel.swift in Sources */,
				49D9E0F729D1074400E58971 /* User.swift in Sources */,
				49D9E0E729D106D100E58971 /* ViewController.swift in Sources */,
				49D9E0E329D106D100E58971 /* AppDelegate.swift in Sources */,
				49D9E0E529D106D100E58971 /* SceneDelegate.swift in Sources */,
				49D9E10629D10ACA00E58971 /* Service.swift in Sources */,
				49D9E10829D10E4800E58971 /* Users.swift in Sources */,
			);
			runOnlyForDeploymentPostprocessing = 0;
		};
/* End PBXSourcesBuildPhase section */

/* Begin PBXVariantGroup section */
		49D9E0ED29D106D300E58971 /* LaunchScreen.storyboard */ = {
			isa = PBXVariantGroup;
			children = (
				49D9E0EE29D106D300E58971 /* Base */,
			);
			name = LaunchScreen.storyboard;
			sourceTree = "<group>";
		};
/* End PBXVariantGroup section */

/* Begin XCBuildConfiguration section */
		49D9E0F129D106D300E58971 /* Debug */ = {
			isa = XCBuildConfiguration;
			buildSettings = {
				ALWAYS_SEARCH_USER_PATHS = NO;
				CLANG_ANALYZER_NONNULL = YES;
				CLANG_ANALYZER_NUMBER_OBJECT_CONVERSION = YES_AGGRESSIVE;
				CLANG_CXX_LANGUAGE_STANDARD = "gnu++20";
				CLANG_ENABLE_MODULES = YES;
				CLANG_ENABLE_OBJC_ARC = YES;
				CLANG_ENABLE_OBJC_WEAK = YES;
				CLANG_WARN_BLOCK_CAPTURE_AUTORELEASING = YES;
				CLANG_WARN_BOOL_CONVERSION = YES;
				CLANG_WARN_COMMA = YES;
				CLANG_WARN_CONSTANT_CONVERSION = YES;
				CLANG_WARN_DEPRECATED_OBJC_IMPLEMENTATIONS = YES;
				CLANG_WARN_DIRECT_OBJC_ISA_USAGE = YES_ERROR;
				CLANG_WARN_DOCUMENTATION_COMMENTS = YES;
				CLANG_WARN_EMPTY_BODY = YES;
				CLANG_WARN_ENUM_CONVERSION = YES;
				CLANG_WARN_INFINITE_RECURSION = YES;
				CLANG_WARN_INT_CONVERSION = YES;
				CLANG_WARN_NON_LITERAL_NULL_CONVERSION = YES;
				CLANG_WARN_OBJC_IMPLICIT_RETAIN_SELF = YES;
				CLANG_WARN_OBJC_LITERAL_CONVERSION = YES;
				CLANG_WARN_OBJC_ROOT_CLASS = YES_ERROR;
				CLANG_WARN_QUOTED_INCLUDE_IN_FRAMEWORK_HEADER = YES;
				CLANG_WARN_RANGE_LOOP_ANALYSIS = YES;
				CLANG_WARN_STRICT_PROTOTYPES = YES;
				CLANG_WARN_SUSPICIOUS_MOVE = YES;
				CLANG_WARN_UNGUARDED_AVAILABILITY = YES_AGGRESSIVE;
				CLANG_WARN_UNREACHABLE_CODE = YES;
				CLANG_WARN__DUPLICATE_METHOD_MATCH = YES;
				COPY_PHASE_STRIP = NO;
				DEBUG_INFORMATION_FORMAT = dwarf;
				ENABLE_STRICT_OBJC_MSGSEND = YES;
				ENABLE_TESTABILITY = YES;
				GCC_C_LANGUAGE_STANDARD = gnu11;
				GCC_DYNAMIC_NO_PIC = NO;
				GCC_NO_COMMON_BLOCKS = YES;
				GCC_OPTIMIZATION_LEVEL = 0;
				GCC_PREPROCESSOR_DEFINITIONS = (
					"DEBUG=1",
					"$(inherited)",
				);
				GCC_WARN_64_TO_32_BIT_CONVERSION = YES;
				GCC_WARN_ABOUT_RETURN_TYPE = YES_ERROR;
				GCC_WARN_UNDECLARED_SELECTOR = YES;
				GCC_WARN_UNINITIALIZED_AUTOS = YES_AGGRESSIVE;
				GCC_WARN_UNUSED_FUNCTION = YES;
				GCC_WARN_UNUSED_VARIABLE = YES;
				IPHONEOS_DEPLOYMENT_TARGET = 16.2;
				MTL_ENABLE_DEBUG_INFO = INCLUDE_SOURCE;
				MTL_FAST_MATH = YES;
				ONLY_ACTIVE_ARCH = YES;
				SDKROOT = iphoneos;
				SWIFT_ACTIVE_COMPILATION_CONDITIONS = DEBUG;
				SWIFT_OPTIMIZATION_LEVEL = "-Onone";
			};
			name = Debug;
		};
		49D9E0F229D106D300E58971 /* Release */ = {
			isa = XCBuildConfiguration;
			buildSettings = {
				ALWAYS_SEARCH_USER_PATHS = NO;
				CLANG_ANALYZER_NONNULL = YES;
				CLANG_ANALYZER_NUMBER_OBJECT_CONVERSION = YES_AGGRESSIVE;
				CLANG_CXX_LANGUAGE_STANDARD = "gnu++20";
				CLANG_ENABLE_MODULES = YES;
				CLANG_ENABLE_OBJC_ARC = YES;
				CLANG_ENABLE_OBJC_WEAK = YES;
				CLANG_WARN_BLOCK_CAPTURE_AUTORELEASING = YES;
				CLANG_WARN_BOOL_CONVERSION = YES;
				CLANG_WARN_COMMA = YES;
				CLANG_WARN_CONSTANT_CONVERSION = YES;
				CLANG_WARN_DEPRECATED_OBJC_IMPLEMENTATIONS = YES;
				CLANG_WARN_DIRECT_OBJC_ISA_USAGE = YES_ERROR;
				CLANG_WARN_DOCUMENTATION_COMMENTS = YES;
				CLANG_WARN_EMPTY_BODY = YES;
				CLANG_WARN_ENUM_CONVERSION = YES;
				CLANG_WARN_INFINITE_RECURSION = YES;
				CLANG_WARN_INT_CONVERSION = YES;
				CLANG_WARN_NON_LITERAL_NULL_CONVERSION = YES;
				CLANG_WARN_OBJC_IMPLICIT_RETAIN_SELF = YES;
				CLANG_WARN_OBJC_LITERAL_CONVERSION = YES;
				CLANG_WARN_OBJC_ROOT_CLASS = YES_ERROR;
				CLANG_WARN_QUOTED_INCLUDE_IN_FRAMEWORK_HEADER = YES;
				CLANG_WARN_RANGE_LOOP_ANALYSIS = YES;
				CLANG_WARN_STRICT_PROTOTYPES = YES;
				CLANG_WARN_SUSPICIOUS_MOVE = YES;
				CLANG_WARN_UNGUARDED_AVAILABILITY = YES_AGGRESSIVE;
				CLANG_WARN_UNREACHABLE_CODE = YES;
				CLANG_WARN__DUPLICATE_METHOD_MATCH = YES;
				COPY_PHASE_STRIP = NO;
				DEBUG_INFORMATION_FORMAT = "dwarf-with-dsym";
				ENABLE_NS_ASSERTIONS = NO;
				ENABLE_STRICT_OBJC_MSGSEND = YES;
				GCC_C_LANGUAGE_STANDARD = gnu11;
				GCC_NO_COMMON_BLOCKS = YES;
				GCC_WARN_64_TO_32_BIT_CONVERSION = YES;
				GCC_WARN_ABOUT_RETURN_TYPE = YES_ERROR;
				GCC_WARN_UNDECLARED_SELECTOR = YES;
				GCC_WARN_UNINITIALIZED_AUTOS = YES_AGGRESSIVE;
				GCC_WARN_UNUSED_FUNCTION = YES;
				GCC_WARN_UNUSED_VARIABLE = YES;
				IPHONEOS_DEPLOYMENT_TARGET = 16.2;
				MTL_ENABLE_DEBUG_INFO = NO;
				MTL_FAST_MATH = YES;
				SDKROOT = iphoneos;
				SWIFT_COMPILATION_MODE = wholemodule;
				SWIFT_OPTIMIZATION_LEVEL = "-O";
				VALIDATE_PRODUCT = YES;
			};
			name = Release;
		};
		49D9E0F429D106D300E58971 /* Debug */ = {
			isa = XCBuildConfiguration;
			buildSettings = {
				ASSETCATALOG_COMPILER_APPICON_NAME = AppIcon;
				ASSETCATALOG_COMPILER_GLOBAL_ACCENT_COLOR_NAME = AccentColor;
				CODE_SIGN_STYLE = Automatic;
				CURRENT_PROJECT_VERSION = 1;
				DEVELOPMENT_TEAM = HDFLLXK789;
				GENERATE_INFOPLIST_FILE = YES;
				INFOPLIST_FILE = RepositoryPatternSample/Resource/Info.plist;
				INFOPLIST_KEY_UIApplicationSupportsIndirectInputEvents = YES;
				INFOPLIST_KEY_UILaunchStoryboardName = LaunchScreen;
				INFOPLIST_KEY_UIMainStoryboardFile = "";
				INFOPLIST_KEY_UISupportedInterfaceOrientations_iPad = "UIInterfaceOrientationPortrait UIInterfaceOrientationPortraitUpsideDown UIInterfaceOrientationLandscapeLeft UIInterfaceOrientationLandscapeRight";
				INFOPLIST_KEY_UISupportedInterfaceOrientations_iPhone = "UIInterfaceOrientationPortrait UIInterfaceOrientationLandscapeLeft UIInterfaceOrientationLandscapeRight";
				LD_RUNPATH_SEARCH_PATHS = (
					"$(inherited)",
					"@executable_path/Frameworks",
				);
				MARKETING_VERSION = 1.0;
				PRODUCT_BUNDLE_IDENTIFIER = com.ycompany.RepositoryPatternSample;
				PRODUCT_NAME = "$(TARGET_NAME)";
				SWIFT_EMIT_LOC_STRINGS = YES;
				SWIFT_VERSION = 5.0;
				TARGETED_DEVICE_FAMILY = "1,2";
			};
			name = Debug;
		};
		49D9E0F529D106D300E58971 /* Release */ = {
			isa = XCBuildConfiguration;
			buildSettings = {
				ASSETCATALOG_COMPILER_APPICON_NAME = AppIcon;
				ASSETCATALOG_COMPILER_GLOBAL_ACCENT_COLOR_NAME = AccentColor;
				CODE_SIGN_STYLE = Automatic;
				CURRENT_PROJECT_VERSION = 1;
				DEVELOPMENT_TEAM = HDFLLXK789;
				GENERATE_INFOPLIST_FILE = YES;
				INFOPLIST_FILE = RepositoryPatternSample/Resource/Info.plist;
				INFOPLIST_KEY_UIApplicationSupportsIndirectInputEvents = YES;
				INFOPLIST_KEY_UILaunchStoryboardName = LaunchScreen;
				INFOPLIST_KEY_UIMainStoryboardFile = "";
				INFOPLIST_KEY_UISupportedInterfaceOrientations_iPad = "UIInterfaceOrientationPortrait UIInterfaceOrientationPortraitUpsideDown UIInterfaceOrientationLandscapeLeft UIInterfaceOrientationLandscapeRight";
				INFOPLIST_KEY_UISupportedInterfaceOrientations_iPhone = "UIInterfaceOrientationPortrait UIInterfaceOrientationLandscapeLeft UIInterfaceOrientationLandscapeRight";
				LD_RUNPATH_SEARCH_PATHS = (
					"$(inherited)",
					"@executable_path/Frameworks",
				);
				MARKETING_VERSION = 1.0;
				PRODUCT_BUNDLE_IDENTIFIER = com.ycompany.RepositoryPatternSample;
				PRODUCT_NAME = "$(TARGET_NAME)";
				SWIFT_EMIT_LOC_STRINGS = YES;
				SWIFT_VERSION = 5.0;
				TARGETED_DEVICE_FAMILY = "1,2";
			};
			name = Release;
		};
/* End XCBuildConfiguration section */

/* Begin XCConfigurationList section */
		49D9E0DA29D106D100E58971 /* Build configuration list for PBXProject "RepositoryPatternSample" */ = {
			isa = XCConfigurationList;
			buildConfigurations = (
				49D9E0F129D106D300E58971 /* Debug */,
				49D9E0F229D106D300E58971 /* Release */,
			);
			defaultConfigurationIsVisible = 0;
			defaultConfigurationName = Release;
		};
		49D9E0F329D106D300E58971 /* Build configuration list for PBXNativeTarget "RepositoryPatternSample" */ = {
			isa = XCConfigurationList;
			buildConfigurations = (
				49D9E0F429D106D300E58971 /* Debug */,
				49D9E0F529D106D300E58971 /* Release */,
			);
			defaultConfigurationIsVisible = 0;
			defaultConfigurationName = Release;
		};
/* End XCConfigurationList section */

/* Begin XCRemoteSwiftPackageReference section */
		49D9E0FA29D10A2D00E58971 /* XCRemoteSwiftPackageReference "Alamofire" */ = {
			isa = XCRemoteSwiftPackageReference;
			repositoryURL = "https://github.com/Alamofire/Alamofire.git";
			requirement = {
				kind = upToNextMajorVersion;
				minimumVersion = 5.0.0;
			};
		};
		49D9E0FD29D10A3B00E58971 /* XCRemoteSwiftPackageReference "SnapKit" */ = {
			isa = XCRemoteSwiftPackageReference;
			repositoryURL = "https://github.com/SnapKit/SnapKit.git";
			requirement = {
				branch = develop;
				kind = branch;
			};
		};
/* End XCRemoteSwiftPackageReference section */

/* Begin XCSwiftPackageProductDependency section */
		49D9E0FB29D10A2D00E58971 /* Alamofire */ = {
			isa = XCSwiftPackageProductDependency;
			package = 49D9E0FA29D10A2D00E58971 /* XCRemoteSwiftPackageReference "Alamofire" */;
			productName = Alamofire;
		};
		49D9E0FE29D10A3B00E58971 /* SnapKit */ = {
			isa = XCSwiftPackageProductDependency;
			package = 49D9E0FD29D10A3B00E58971 /* XCRemoteSwiftPackageReference "SnapKit" */;
			productName = SnapKit;
		};
/* End XCSwiftPackageProductDependency section */
	};
	rootObject = 49D9E0D729D106D100E58971 /* Project object */;
}
